
Microsoft Visual Studio Solution File, Format Version 12.00
# Visual Studio Version 17
VisualStudioVersion = 17.7.34221.43
MinimumVisualStudioVersion = 10.0.40219.1
Project("{9A19103F-16F7-4668-BE54-9A1E7A4F7556}") = "Mango.Core", "src\Mango.Core\Mango.Core.csproj", "{23CDCC94-9B5A-46CA-ABC3-66E5CEEA98EB}"
EndProject
Project("{FAE04EC0-301F-11D3-BF4B-00C04F79EFBC}") = "Mango.EntityFramework", "src\Mango.EntityFramework\Mango.EntityFramework.csproj", "{9DD05E74-9B32-478C-9F12-80099212BF04}"
EndProject
Global
	GlobalSection(SolutionConfigurationPlatforms) = preSolution
		Debug|Any CPU = Debug|Any CPU
		Release|Any CPU = Release|Any CPU
	EndGlobalSection
	GlobalSection(ProjectConfigurationPlatforms) = postSolution
		{23CDCC94-9B5A-46CA-ABC3-66E5CEEA98EB}.Debug|Any CPU.ActiveCfg = Debug|Any CPU
		{23CDCC94-9B5A-46CA-ABC3-66E5CEEA98EB}.Debug|Any CPU.Build.0 = Debug|Any CPU
		{23CDCC94-9B5A-46CA-ABC3-66E5CEEA98EB}.Release|Any CPU.ActiveCfg = Release|Any CPU
		{23CDCC94-9B5A-46CA-ABC3-66E5CEEA98EB}.Release|Any CPU.Build.0 = Release|Any CPU
		{9DD05E74-9B32-478C-9F12-80099212BF04}.Debug|Any CPU.ActiveCfg = Debug|Any CPU
		{9DD05E74-9B32-478C-9F12-80099212BF04}.Debug|Any CPU.Build.0 = Debug|Any CPU
		{9DD05E74-9B32-478C-9F12-80099212BF04}.Release|Any CPU.ActiveCfg = Release|Any CPU
		{9DD05E74-9B32-478C-9F12-80099212BF04}.Release|Any CPU.Build.0 = Release|Any CPU
	EndGlobalSection
	GlobalSection(SolutionProperties) = preSolution
		HideSolutionNode = FALSE
	EndGlobalSection
	GlobalSection(ExtensibilityGlobals) = postSolution
		SolutionGuid = {318DD38C-A310-4048-A6FA-851DE0DCD646}
	EndGlobalSection
EndGlobal
